
Microsoft Visual Studio Solution File, Format Version 12.00
# Visual Studio 15
VisualStudioVersion = 15.0.28307.572
MinimumVisualStudioVersion = 10.0.40219.1
Project("{FAE04EC0-301F-11D3-BF4B-00C04F79EFBC}") = "Database", "Database\Database.csproj", "{949039C5-F64C-4B67-883B-A91BC511214E}"
EndProject
Global
	GlobalSection(SolutionConfigurationPlatforms) = preSolution
		Debug|Any CPU = Debug|Any CPU
		Release|Any CPU = Release|Any CPU
	EndGlobalSection
	GlobalSection(ProjectConfigurationPlatforms) = postSolution
		{949039C5-F64C-4B67-883B-A91BC511214E}.Debug|Any CPU.ActiveCfg = Debug|Any CPU
		{949039C5-F64C-4B67-883B-A91BC511214E}.Debug|Any CPU.Build.0 = Debug|Any CPU
		{949039C5-F64C-4B67-883B-A91BC511214E}.Release|Any CPU.ActiveCfg = Release|Any CPU
		{949039C5-F64C-4B67-883B-A91BC511214E}.Release|Any CPU.Build.0 = Release|Any CPU
	EndGlobalSection
	GlobalSection(SolutionProperties) = preSolution
		HideSolutionNode = FALSE
	EndGlobalSection
	GlobalSection(ExtensibilityGlobals) = postSolution
		SolutionGuid = {644912D9-F354-49A3-AFE6-ABC3C818B2C5}
	EndGlobalSection
EndGlobal
